
Microsoft Visual Studio Solution File, Format Version 12.00
# Visual Studio Version 17
VisualStudioVersion = 17.9.34607.119
MinimumVisualStudioVersion = 10.0.40219.1
Project("{FAE04EC0-301F-11D3-BF4B-00C04F79EFBC}") = "EncryptionWebApplication", "EncryptionWebApplication\EncryptionWebApplication.csproj", "{3B4FE1FD-96CF-45E4-93D8-A03FC54A86CD}"
EndProject
Project("{FAE04EC0-301F-11D3-BF4B-00C04F79EFBC}") = "EncryptionTestProject", "EncryptionTestProject\EncryptionTestProject.csproj", "{30412F64-AF22-4AD3-BED3-CDD4CBB7D15C}"
EndProject
Global
	GlobalSection(SolutionConfigurationPlatforms) = preSolution
		Debug|Any CPU = Debug|Any CPU
		Release|Any CPU = Release|Any CPU
	EndGlobalSection
	GlobalSection(ProjectConfigurationPlatforms) = postSolution
		{3B4FE1FD-96CF-45E4-93D8-A03FC54A86CD}.Debug|Any CPU.ActiveCfg = Debug|Any CPU
		{3B4FE1FD-96CF-45E4-93D8-A03FC54A86CD}.Debug|Any CPU.Build.0 = Debug|Any CPU
		{3B4FE1FD-96CF-45E4-93D8-A03FC54A86CD}.Release|Any CPU.ActiveCfg = Release|Any CPU
		{3B4FE1FD-96CF-45E4-93D8-A03FC54A86CD}.Release|Any CPU.Build.0 = Release|Any CPU
		{30412F64-AF22-4AD3-BED3-CDD4CBB7D15C}.Debug|Any CPU.ActiveCfg = Debug|Any CPU
		{30412F64-AF22-4AD3-BED3-CDD4CBB7D15C}.Debug|Any CPU.Build.0 = Debug|Any CPU
		{30412F64-AF22-4AD3-BED3-CDD4CBB7D15C}.Release|Any CPU.ActiveCfg = Release|Any CPU
		{30412F64-AF22-4AD3-BED3-CDD4CBB7D15C}.Release|Any CPU.Build.0 = Release|Any CPU
	EndGlobalSection
	GlobalSection(SolutionProperties) = preSolution
		HideSolutionNode = FALSE
	EndGlobalSection
	GlobalSection(ExtensibilityGlobals) = postSolution
		SolutionGuid = {8E73D116-4D2A-45D2-A5C5-6FAD3EC01EF3}
	EndGlobalSection
EndGlobal
